
Microsoft Visual Studio Solution File, Format Version 12.00
# Visual Studio Version 17
VisualStudioVersion = 17.0.32014.148
MinimumVisualStudioVersion = 10.0.40219.1
Project("{FAE04EC0-301F-11D3-BF4B-00C04F79EFBC}") = "EPAM Task 2.2.1", "EPAM Task 2.2.1.csproj", "{83E57888-9C15-47D8-9774-477038FF112E}"
EndProject
Global
	GlobalSection(SolutionConfigurationPlatforms) = preSolution
		Debug|Any CPU = Debug|Any CPU
		Release|Any CPU = Release|Any CPU
	EndGlobalSection
	GlobalSection(ProjectConfigurationPlatforms) = postSolution
		{83E57888-9C15-47D8-9774-477038FF112E}.Debug|Any CPU.ActiveCfg = Debug|Any CPU
		{83E57888-9C15-47D8-9774-477038FF112E}.Debug|Any CPU.Build.0 = Debug|Any CPU
		{83E57888-9C15-47D8-9774-477038FF112E}.Release|Any CPU.ActiveCfg = Release|Any CPU
		{83E57888-9C15-47D8-9774-477038FF112E}.Release|Any CPU.Build.0 = Release|Any CPU
	EndGlobalSection
	GlobalSection(SolutionProperties) = preSolution
		HideSolutionNode = FALSE
	EndGlobalSection
	GlobalSection(ExtensibilityGlobals) = postSolution
		SolutionGuid = {5CA8EDE9-9976-4221-B25B-995EA306695C}
	EndGlobalSection
EndGlobal
