
Microsoft Visual Studio Solution File, Format Version 12.00
# Visual Studio Version 17
VisualStudioVersion = 17.0.32014.148
MinimumVisualStudioVersion = 10.0.40219.1
Project("{9A19103F-16F7-4668-BE54-9A1E7A4F7556}") = "EPAM Task 2.1.1", "EPAM Task 2.1.1.csproj", "{1A80D905-A6C1-40EB-9D1C-F27456F6944C}"
EndProject
Project("{FAE04EC0-301F-11D3-BF4B-00C04F79EFBC}") = "StringAsArrayLibrary", "..\StringAsArrayLibrary\StringAsArrayLibrary.csproj", "{9F6B5AC0-85DE-4E98-B676-FB6340617D1B}"
EndProject
Global
	GlobalSection(SolutionConfigurationPlatforms) = preSolution
		Debug|Any CPU = Debug|Any CPU
		Release|Any CPU = Release|Any CPU
	EndGlobalSection
	GlobalSection(ProjectConfigurationPlatforms) = postSolution
		{1A80D905-A6C1-40EB-9D1C-F27456F6944C}.Debug|Any CPU.ActiveCfg = Debug|Any CPU
		{1A80D905-A6C1-40EB-9D1C-F27456F6944C}.Debug|Any CPU.Build.0 = Debug|Any CPU
		{1A80D905-A6C1-40EB-9D1C-F27456F6944C}.Release|Any CPU.ActiveCfg = Release|Any CPU
		{1A80D905-A6C1-40EB-9D1C-F27456F6944C}.Release|Any CPU.Build.0 = Release|Any CPU
		{9F6B5AC0-85DE-4E98-B676-FB6340617D1B}.Debug|Any CPU.ActiveCfg = Debug|Any CPU
		{9F6B5AC0-85DE-4E98-B676-FB6340617D1B}.Debug|Any CPU.Build.0 = Debug|Any CPU
		{9F6B5AC0-85DE-4E98-B676-FB6340617D1B}.Release|Any CPU.ActiveCfg = Release|Any CPU
		{9F6B5AC0-85DE-4E98-B676-FB6340617D1B}.Release|Any CPU.Build.0 = Release|Any CPU
	EndGlobalSection
	GlobalSection(SolutionProperties) = preSolution
		HideSolutionNode = FALSE
	EndGlobalSection
	GlobalSection(ExtensibilityGlobals) = postSolution
		SolutionGuid = {528E44B6-8115-49AC-8768-384E2F4E8512}
	EndGlobalSection
EndGlobal
